
Microsoft Visual Studio Solution File, Format Version 12.00
# Visual Studio Version 17
VisualStudioVersion = 17.13.35931.197
MinimumVisualStudioVersion = 10.0.40219.1
Project("{FAE04EC0-301F-11D3-BF4B-00C04F79EFBC}") = "GCDS.NetTemplate", "GCDS.NetTemplate\GCDS.NetTemplate.csproj", "{0E3E2358-755E-45E5-84E2-39A7E68901F2}"
EndProject
Project("{FAE04EC0-301F-11D3-BF4B-00C04F79EFBC}") = "GCDS.NetTemplate.MVC.Sanity", "GCDS.NetTemplate.MVC.Sanity\GCDS.NetTemplate.MVC.Sanity.csproj", "{B3B2F2DA-0F24-42E8-BB66-6DF3F5225AC7}"
EndProject
Project("{FAE04EC0-301F-11D3-BF4B-00C04F79EFBC}") = "GCDS.NetTemplate.Razor.Sanity", "GCDS.NetTemplate.Razor.Sanity\GCDS.NetTemplate.Razor.Sanity.csproj", "{0B317DD4-05C1-40BB-A06B-36E6E9122B65}"
EndProject
Project("{FAE04EC0-301F-11D3-BF4B-00C04F79EFBC}") = "GCDS.NetTemplate.Test", "GCDS.NetTemplate.Test\GCDS.NetTemplate.Test.csproj", "{ED398067-86EF-4E2A-BDBC-0F14935EDCA8}"
EndProject
Project("{FAE04EC0-301F-11D3-BF4B-00C04F79EFBC}") = "GCDS.NetTemplate.UI.Test", "GCDS.NetTemplate.UI.Test\GCDS.NetTemplate.UI.Test.csproj", "{1BE74484-40F4-4AD3-82B5-FA9C7A00C0BD}"
EndProject
Global
	GlobalSection(SolutionConfigurationPlatforms) = preSolution
		Debug|Any CPU = Debug|Any CPU
		Release|Any CPU = Release|Any CPU
	EndGlobalSection
	GlobalSection(ProjectConfigurationPlatforms) = postSolution
		{0E3E2358-755E-45E5-84E2-39A7E68901F2}.Debug|Any CPU.ActiveCfg = Debug|Any CPU
		{0E3E2358-755E-45E5-84E2-39A7E68901F2}.Debug|Any CPU.Build.0 = Debug|Any CPU
		{0E3E2358-755E-45E5-84E2-39A7E68901F2}.Release|Any CPU.ActiveCfg = Release|Any CPU
		{0E3E2358-755E-45E5-84E2-39A7E68901F2}.Release|Any CPU.Build.0 = Release|Any CPU
		{B3B2F2DA-0F24-42E8-BB66-6DF3F5225AC7}.Debug|Any CPU.ActiveCfg = Debug|Any CPU
		{B3B2F2DA-0F24-42E8-BB66-6DF3F5225AC7}.Debug|Any CPU.Build.0 = Debug|Any CPU
		{B3B2F2DA-0F24-42E8-BB66-6DF3F5225AC7}.Release|Any CPU.ActiveCfg = Release|Any CPU
		{B3B2F2DA-0F24-42E8-BB66-6DF3F5225AC7}.Release|Any CPU.Build.0 = Release|Any CPU
		{0B317DD4-05C1-40BB-A06B-36E6E9122B65}.Debug|Any CPU.ActiveCfg = Debug|Any CPU
		{0B317DD4-05C1-40BB-A06B-36E6E9122B65}.Debug|Any CPU.Build.0 = Debug|Any CPU
		{0B317DD4-05C1-40BB-A06B-36E6E9122B65}.Release|Any CPU.ActiveCfg = Release|Any CPU
		{0B317DD4-05C1-40BB-A06B-36E6E9122B65}.Release|Any CPU.Build.0 = Release|Any CPU
		{ED398067-86EF-4E2A-BDBC-0F14935EDCA8}.Debug|Any CPU.ActiveCfg = Debug|Any CPU
		{ED398067-86EF-4E2A-BDBC-0F14935EDCA8}.Debug|Any CPU.Build.0 = Debug|Any CPU
		{ED398067-86EF-4E2A-BDBC-0F14935EDCA8}.Release|Any CPU.ActiveCfg = Release|Any CPU
		{ED398067-86EF-4E2A-BDBC-0F14935EDCA8}.Release|Any CPU.Build.0 = Release|Any CPU
		{1BE74484-40F4-4AD3-82B5-FA9C7A00C0BD}.Debug|Any CPU.ActiveCfg = Debug|Any CPU
		{1BE74484-40F4-4AD3-82B5-FA9C7A00C0BD}.Debug|Any CPU.Build.0 = Debug|Any CPU
		{1BE74484-40F4-4AD3-82B5-FA9C7A00C0BD}.Release|Any CPU.ActiveCfg = Release|Any CPU
		{1BE74484-40F4-4AD3-82B5-FA9C7A00C0BD}.Release|Any CPU.Build.0 = Release|Any CPU
	EndGlobalSection
	GlobalSection(SolutionProperties) = preSolution
		HideSolutionNode = FALSE
	EndGlobalSection
	GlobalSection(ExtensibilityGlobals) = postSolution
		SolutionGuid = {C0A13EA7-4F15-4493-A96B-5D4F828EF4AD}
	EndGlobalSection
EndGlobal
